
Microsoft Visual Studio Solution File, Format Version 12.00
# Visual Studio Version 17
VisualStudioVersion = 17.5.002.0
MinimumVisualStudioVersion = 10.0.40219.1
Project("{9A19103F-16F7-4668-BE54-9A1E7A4F7556}") = "Tarea3", "Tarea3.csproj", "{69BD00E6-9F92-4761-85FB-BC6C046E63CA}"
EndProject
Global
	GlobalSection(SolutionConfigurationPlatforms) = preSolution
		Debug|Any CPU = Debug|Any CPU
		Release|Any CPU = Release|Any CPU
	EndGlobalSection
	GlobalSection(ProjectConfigurationPlatforms) = postSolution
		{69BD00E6-9F92-4761-85FB-BC6C046E63CA}.Debug|Any CPU.ActiveCfg = Debug|Any CPU
		{69BD00E6-9F92-4761-85FB-BC6C046E63CA}.Debug|Any CPU.Build.0 = Debug|Any CPU
		{69BD00E6-9F92-4761-85FB-BC6C046E63CA}.Release|Any CPU.ActiveCfg = Release|Any CPU
		{69BD00E6-9F92-4761-85FB-BC6C046E63CA}.Release|Any CPU.Build.0 = Release|Any CPU
	EndGlobalSection
	GlobalSection(SolutionProperties) = preSolution
		HideSolutionNode = FALSE
	EndGlobalSection
	GlobalSection(ExtensibilityGlobals) = postSolution
		SolutionGuid = {D3E7BAF7-C052-4319-A20A-99DD5DC8BBA6}
	EndGlobalSection
EndGlobal
